
Microsoft Visual Studio Solution File, Format Version 12.00
# Visual Studio Version 17
VisualStudioVersion = 17.6.33829.357
MinimumVisualStudioVersion = 10.0.40219.1
Project("{FAE04EC0-301F-11D3-BF4B-00C04F79EFBC}") = "BIMwork", "BIMwork\BIMwork.csproj", "{F396D768-003F-4383-A83E-348B96270A34}"
EndProject
Global
	GlobalSection(SolutionConfigurationPlatforms) = preSolution
		Debug|Any CPU = Debug|Any CPU
		Release|Any CPU = Release|Any CPU
	EndGlobalSection
	GlobalSection(ProjectConfigurationPlatforms) = postSolution
		{F396D768-003F-4383-A83E-348B96270A34}.Debug|Any CPU.ActiveCfg = Debug|Any CPU
		{F396D768-003F-4383-A83E-348B96270A34}.Debug|Any CPU.Build.0 = Debug|Any CPU
		{F396D768-003F-4383-A83E-348B96270A34}.Release|Any CPU.ActiveCfg = Release|Any CPU
		{F396D768-003F-4383-A83E-348B96270A34}.Release|Any CPU.Build.0 = Release|Any CPU
	EndGlobalSection
	GlobalSection(SolutionProperties) = preSolution
		HideSolutionNode = FALSE
	EndGlobalSection
	GlobalSection(ExtensibilityGlobals) = postSolution
		SolutionGuid = {C1468D8D-4EC2-4696-A972-B8398B32BCF8}
	EndGlobalSection
EndGlobal
